
Microsoft Visual Studio Solution File, Format Version 12.00
# Visual Studio 2013
VisualStudioVersion = 12.0.40629.0
MinimumVisualStudioVersion = 10.0.40219.1
Project("{2150E333-8FDC-42A3-9474-1A3956D46DE8}") = "Test", "Test", "{4ED383CE-DE8B-446B-BF25-0F54D67FB793}"
EndProject
Project("{FAE04EC0-301F-11D3-BF4B-00C04F79EFBC}") = "maps.UnitTest", "Test\maps.UnitTest\maps.UnitTest.csproj", "{DEA8361E-965C-422A-9EAF-B14EACC980F7}"
EndProject
Project("{2150E333-8FDC-42A3-9474-1A3956D46DE8}") = "Common.Tools", "Common.Tools", "{D73C6662-B87F-4941-B0FA-66CC59FBFEF2}"
EndProject
Project("{FAE04EC0-301F-11D3-BF4B-00C04F79EFBC}") = "GenerateData", "Common.Tools\GenerateData\GenerateData.csproj", "{6B127020-1BCC-4D06-A290-9E30726FB10B}"
EndProject
Project("{FAE04EC0-301F-11D3-BF4B-00C04F79EFBC}") = "maps.Model", "maps.Model\maps.Model.csproj", "{69B9BDDF-2BFF-4755-920B-DB29B3D3565E}"
EndProject
Project("{00D1A9C2-B5F0-4AF3-8072-F6C62B433612}") = "maps.Db", "maps.Db\maps.Db.sqlproj", "{584227CC-0D37-42E8-8099-0E40D139AA94}"
EndProject
Project("{FAE04EC0-301F-11D3-BF4B-00C04F79EFBC}") = "maps.IntegrationTest", "Test\maps.IntegrationTest\maps.IntegrationTest.csproj", "{04275F33-96AC-4D83-89B0-675EC78CA971}"
EndProject
Project("{FAE04EC0-301F-11D3-BF4B-00C04F79EFBC}") = "maps.Web", "maps.Web\maps.Web.csproj", "{87DA2F28-A8AC-40EA-9BE7-52F80F7E1EF8}"
EndProject
Project("{FAE04EC0-301F-11D3-BF4B-00C04F79EFBC}") = "Tool", "Common.Tools\Tool\Tool.csproj", "{2755DEE8-1AF1-41CC-B798-1EED42A9581D}"
EndProject
Project("{FAE04EC0-301F-11D3-BF4B-00C04F79EFBC}") = "maps.Social", "maps.Social\maps.Social.csproj", "{14B73B87-60AB-4894-AA0B-823D7D19BC98}"
EndProject
Project("{2150E333-8FDC-42A3-9474-1A3956D46DE8}") = "Solution Items", "Solution Items", "{83288A35-B494-432A-9E4F-13B85310C804}"
	ProjectSection(SolutionItems) = preProject
		WebEssentials-Settings.json = WebEssentials-Settings.json
	EndProjectSection
EndProject
Project("{FAE04EC0-301F-11D3-BF4B-00C04F79EFBC}") = "maps.Instagram", "maps.Instagram\maps.Instagram.csproj", "{C3A161DB-5A66-4FF4-B6F3-3B1F7733CBEA}"
EndProject
Project("{FAE04EC0-301F-11D3-BF4B-00C04F79EFBC}") = "maps.Connector", "maps.Connector\maps.Connector.csproj", "{B15D6494-E1EE-44E7-A038-F5B4B9B43992}"
EndProject
Project("{2150E333-8FDC-42A3-9474-1A3956D46DE8}") = "Temp", "Temp", "{3E3691CD-20D5-42C8-960D-9CC30748ECBE}"
EndProject
Project("{FAE04EC0-301F-11D3-BF4B-00C04F79EFBC}") = "maps.Console", "Temp\maps.Console\maps.Console.csproj", "{38DCEF69-2FF6-4EAA-A0CE-C8B2D835264E}"
EndProject
Project("{FAE04EC0-301F-11D3-BF4B-00C04F79EFBC}") = "maps.Dozor", "maps.Dozor\maps.Dozor.csproj", "{6B38E0F3-7D3E-4577-AF56-6FF85B4ACDD4}"
EndProject
Project("{FAE04EC0-301F-11D3-BF4B-00C04F79EFBC}") = "maps.Dozor.Console", "maps.Dozor.Console\maps.Dozor.Console.csproj", "{BC111D00-3C55-436B-8F40-1576FBD5678A}"
EndProject
Project("{FAE04EC0-301F-11D3-BF4B-00C04F79EFBC}") = "maps.Dozor.Context", "maps.Dozor.Context\maps.Dozor.Context.csproj", "{5B3E7AEF-12D2-41A0-BDA6-0A2554752AEB}"
EndProject
Global
	GlobalSection(SolutionConfigurationPlatforms) = preSolution
		Debug|Any CPU = Debug|Any CPU
		Release|Any CPU = Release|Any CPU
	EndGlobalSection
	GlobalSection(ProjectConfigurationPlatforms) = postSolution
		{DEA8361E-965C-422A-9EAF-B14EACC980F7}.Debug|Any CPU.ActiveCfg = Debug|Any CPU
		{DEA8361E-965C-422A-9EAF-B14EACC980F7}.Debug|Any CPU.Build.0 = Debug|Any CPU
		{DEA8361E-965C-422A-9EAF-B14EACC980F7}.Release|Any CPU.ActiveCfg = Release|Any CPU
		{DEA8361E-965C-422A-9EAF-B14EACC980F7}.Release|Any CPU.Build.0 = Release|Any CPU
		{6B127020-1BCC-4D06-A290-9E30726FB10B}.Debug|Any CPU.ActiveCfg = Debug|Any CPU
		{6B127020-1BCC-4D06-A290-9E30726FB10B}.Debug|Any CPU.Build.0 = Debug|Any CPU
		{6B127020-1BCC-4D06-A290-9E30726FB10B}.Release|Any CPU.ActiveCfg = Release|Any CPU
		{6B127020-1BCC-4D06-A290-9E30726FB10B}.Release|Any CPU.Build.0 = Release|Any CPU
		{69B9BDDF-2BFF-4755-920B-DB29B3D3565E}.Debug|Any CPU.ActiveCfg = Debug|Any CPU
		{69B9BDDF-2BFF-4755-920B-DB29B3D3565E}.Debug|Any CPU.Build.0 = Debug|Any CPU
		{69B9BDDF-2BFF-4755-920B-DB29B3D3565E}.Release|Any CPU.ActiveCfg = Release|Any CPU
		{69B9BDDF-2BFF-4755-920B-DB29B3D3565E}.Release|Any CPU.Build.0 = Release|Any CPU
		{584227CC-0D37-42E8-8099-0E40D139AA94}.Debug|Any CPU.ActiveCfg = Debug|Any CPU
		{584227CC-0D37-42E8-8099-0E40D139AA94}.Debug|Any CPU.Build.0 = Debug|Any CPU
		{584227CC-0D37-42E8-8099-0E40D139AA94}.Debug|Any CPU.Deploy.0 = Debug|Any CPU
		{584227CC-0D37-42E8-8099-0E40D139AA94}.Release|Any CPU.ActiveCfg = Release|Any CPU
		{584227CC-0D37-42E8-8099-0E40D139AA94}.Release|Any CPU.Build.0 = Release|Any CPU
		{584227CC-0D37-42E8-8099-0E40D139AA94}.Release|Any CPU.Deploy.0 = Release|Any CPU
		{04275F33-96AC-4D83-89B0-675EC78CA971}.Debug|Any CPU.ActiveCfg = Debug|Any CPU
		{04275F33-96AC-4D83-89B0-675EC78CA971}.Debug|Any CPU.Build.0 = Debug|Any CPU
		{04275F33-96AC-4D83-89B0-675EC78CA971}.Release|Any CPU.ActiveCfg = Release|Any CPU
		{04275F33-96AC-4D83-89B0-675EC78CA971}.Release|Any CPU.Build.0 = Release|Any CPU
		{87DA2F28-A8AC-40EA-9BE7-52F80F7E1EF8}.Debug|Any CPU.ActiveCfg = Debug|Any CPU
		{87DA2F28-A8AC-40EA-9BE7-52F80F7E1EF8}.Debug|Any CPU.Build.0 = Debug|Any CPU
		{87DA2F28-A8AC-40EA-9BE7-52F80F7E1EF8}.Release|Any CPU.ActiveCfg = Release|Any CPU
		{87DA2F28-A8AC-40EA-9BE7-52F80F7E1EF8}.Release|Any CPU.Build.0 = Release|Any CPU
		{2755DEE8-1AF1-41CC-B798-1EED42A9581D}.Debug|Any CPU.ActiveCfg = Debug|Any CPU
		{2755DEE8-1AF1-41CC-B798-1EED42A9581D}.Debug|Any CPU.Build.0 = Debug|Any CPU
		{2755DEE8-1AF1-41CC-B798-1EED42A9581D}.Release|Any CPU.ActiveCfg = Release|Any CPU
		{2755DEE8-1AF1-41CC-B798-1EED42A9581D}.Release|Any CPU.Build.0 = Release|Any CPU
		{14B73B87-60AB-4894-AA0B-823D7D19BC98}.Debug|Any CPU.ActiveCfg = Debug|Any CPU
		{14B73B87-60AB-4894-AA0B-823D7D19BC98}.Debug|Any CPU.Build.0 = Debug|Any CPU
		{14B73B87-60AB-4894-AA0B-823D7D19BC98}.Release|Any CPU.ActiveCfg = Release|Any CPU
		{14B73B87-60AB-4894-AA0B-823D7D19BC98}.Release|Any CPU.Build.0 = Release|Any CPU
		{C3A161DB-5A66-4FF4-B6F3-3B1F7733CBEA}.Debug|Any CPU.ActiveCfg = Debug|Any CPU
		{C3A161DB-5A66-4FF4-B6F3-3B1F7733CBEA}.Debug|Any CPU.Build.0 = Debug|Any CPU
		{C3A161DB-5A66-4FF4-B6F3-3B1F7733CBEA}.Release|Any CPU.ActiveCfg = Release|Any CPU
		{C3A161DB-5A66-4FF4-B6F3-3B1F7733CBEA}.Release|Any CPU.Build.0 = Release|Any CPU
		{B15D6494-E1EE-44E7-A038-F5B4B9B43992}.Debug|Any CPU.ActiveCfg = Debug|Any CPU
		{B15D6494-E1EE-44E7-A038-F5B4B9B43992}.Debug|Any CPU.Build.0 = Debug|Any CPU
		{B15D6494-E1EE-44E7-A038-F5B4B9B43992}.Release|Any CPU.ActiveCfg = Release|Any CPU
		{B15D6494-E1EE-44E7-A038-F5B4B9B43992}.Release|Any CPU.Build.0 = Release|Any CPU
		{38DCEF69-2FF6-4EAA-A0CE-C8B2D835264E}.Debug|Any CPU.ActiveCfg = Debug|Any CPU
		{38DCEF69-2FF6-4EAA-A0CE-C8B2D835264E}.Debug|Any CPU.Build.0 = Debug|Any CPU
		{38DCEF69-2FF6-4EAA-A0CE-C8B2D835264E}.Release|Any CPU.ActiveCfg = Release|Any CPU
		{38DCEF69-2FF6-4EAA-A0CE-C8B2D835264E}.Release|Any CPU.Build.0 = Release|Any CPU
		{6B38E0F3-7D3E-4577-AF56-6FF85B4ACDD4}.Debug|Any CPU.ActiveCfg = Debug|Any CPU
		{6B38E0F3-7D3E-4577-AF56-6FF85B4ACDD4}.Debug|Any CPU.Build.0 = Debug|Any CPU
		{6B38E0F3-7D3E-4577-AF56-6FF85B4ACDD4}.Release|Any CPU.ActiveCfg = Release|Any CPU
		{6B38E0F3-7D3E-4577-AF56-6FF85B4ACDD4}.Release|Any CPU.Build.0 = Release|Any CPU
		{BC111D00-3C55-436B-8F40-1576FBD5678A}.Debug|Any CPU.ActiveCfg = Debug|Any CPU
		{BC111D00-3C55-436B-8F40-1576FBD5678A}.Debug|Any CPU.Build.0 = Debug|Any CPU
		{BC111D00-3C55-436B-8F40-1576FBD5678A}.Release|Any CPU.ActiveCfg = Release|Any CPU
		{BC111D00-3C55-436B-8F40-1576FBD5678A}.Release|Any CPU.Build.0 = Release|Any CPU
		{5B3E7AEF-12D2-41A0-BDA6-0A2554752AEB}.Debug|Any CPU.ActiveCfg = Debug|Any CPU
		{5B3E7AEF-12D2-41A0-BDA6-0A2554752AEB}.Debug|Any CPU.Build.0 = Debug|Any CPU
		{5B3E7AEF-12D2-41A0-BDA6-0A2554752AEB}.Release|Any CPU.ActiveCfg = Release|Any CPU
		{5B3E7AEF-12D2-41A0-BDA6-0A2554752AEB}.Release|Any CPU.Build.0 = Release|Any CPU
	EndGlobalSection
	GlobalSection(SolutionProperties) = preSolution
		HideSolutionNode = FALSE
	EndGlobalSection
	GlobalSection(NestedProjects) = preSolution
		{DEA8361E-965C-422A-9EAF-B14EACC980F7} = {4ED383CE-DE8B-446B-BF25-0F54D67FB793}
		{6B127020-1BCC-4D06-A290-9E30726FB10B} = {D73C6662-B87F-4941-B0FA-66CC59FBFEF2}
		{04275F33-96AC-4D83-89B0-675EC78CA971} = {4ED383CE-DE8B-446B-BF25-0F54D67FB793}
		{2755DEE8-1AF1-41CC-B798-1EED42A9581D} = {D73C6662-B87F-4941-B0FA-66CC59FBFEF2}
		{38DCEF69-2FF6-4EAA-A0CE-C8B2D835264E} = {3E3691CD-20D5-42C8-960D-9CC30748ECBE}
	EndGlobalSection
EndGlobal
